// !$*UTF8*$!
{
	archiveVersion = 1;
	classes = {
	};
	objectVersion = 51;
	objects = {

/* Begin PBXBuildFile section */
		0C6CC556005145560D50D3D9 /* Pods_DemoApp.framework in Frameworks */ = {isa = PBXBuildFile; fileRef = 8C550CC1E04CC5064E71D109 /* Pods_DemoApp.framework */; };
		31805F8626BC318D00E0115D /* MainViewModel.swift in Sources */ = {isa = PBXBuildFile; fileRef = 31805F8526BC318D00E0115D /* MainViewModel.swift */; };
		F491DD2226C3AC2100379FD4 /* APIKeys.swift in Sources */ = {isa = PBXBuildFile; fileRef = F491DD2126C3AC2100379FD4 /* APIKeys.swift */; };
		F4A64CEE26C3B5FC006B432F /* Observable.swift in Sources */ = {isa = PBXBuildFile; fileRef = F4A64CED26C3B5FC006B432F /* Observable.swift */; };
		F4A64CF026C3C22A006B432F /* HaveFilterCoordinator.swift in Sources */ = {isa = PBXBuildFile; fileRef = F4A64CEF26C3C22A006B432F /* HaveFilterCoordinator.swift */; };
		F4A64CF226C3CCBD006B432F /* DetailModel.swift in Sources */ = {isa = PBXBuildFile; fileRef = F4A64CF126C3CCBD006B432F /* DetailModel.swift */; };
		F4A64CF626C41091006B432F /* CustomCell.xib in Resources */ = {isa = PBXBuildFile; fileRef = F4A64CF526C41091006B432F /* CustomCell.xib */; };
		F4A64CF826C413E0006B432F /* Table.storyboard in Resources */ = {isa = PBXBuildFile; fileRef = F4A64CF726C413E0006B432F /* Table.storyboard */; };
		F4A64CFA26C42150006B432F /* CollectionExtension.swift in Sources */ = {isa = PBXBuildFile; fileRef = F4A64CF926C42150006B432F /* CollectionExtension.swift */; };
		F4A64CFC26C421D3006B432F /* Filter.storyboard in Resources */ = {isa = PBXBuildFile; fileRef = F4A64CFB26C421D3006B432F /* Filter.storyboard */; };
		F4A64CFE26C50DD2006B432F /* WeatherLocationController.swift in Sources */ = {isa = PBXBuildFile; fileRef = F4A64CFD26C50DD2006B432F /* WeatherLocationController.swift */; };
		F4A64D0026C511A4006B432F /* Connectivity.swift in Sources */ = {isa = PBXBuildFile; fileRef = F4A64CFF26C511A4006B432F /* Connectivity.swift */; };
		F4A64D0226C51489006B432F /* InternetCheck.swift in Sources */ = {isa = PBXBuildFile; fileRef = F4A64D0126C51489006B432F /* InternetCheck.swift */; };
		F4A64D0D26C5C03A006B432F /* CustomCellViewModel.swift in Sources */ = {isa = PBXBuildFile; fileRef = F4A64D0C26C5C03A006B432F /* CustomCellViewModel.swift */; };
		F4CA774026BA9C76008860CD /* AppDelegate.swift in Sources */ = {isa = PBXBuildFile; fileRef = F4CA773F26BA9C76008860CD /* AppDelegate.swift */; };
		F4CA774426BA9C76008860CD /* MainViewController.swift in Sources */ = {isa = PBXBuildFile; fileRef = F4CA774326BA9C76008860CD /* MainViewController.swift */; };
		F4CA774926BA9C78008860CD /* Assets.xcassets in Resources */ = {isa = PBXBuildFile; fileRef = F4CA774826BA9C78008860CD /* Assets.xcassets */; };
		F4CA774C26BA9C78008860CD /* LaunchScreen.storyboard in Resources */ = {isa = PBXBuildFile; fileRef = F4CA774A26BA9C78008860CD /* LaunchScreen.storyboard */; };
		F4CA775926BA9D37008860CD /* Coordinator.swift in Sources */ = {isa = PBXBuildFile; fileRef = F4CA775826BA9D37008860CD /* Coordinator.swift */; };
		F4CA775C26BA9D8C008860CD /* User.swift in Sources */ = {isa = PBXBuildFile; fileRef = F4CA775B26BA9D8C008860CD /* User.swift */; };
		F4CA775E26BA9DBB008860CD /* AppCoordinator.swift in Sources */ = {isa = PBXBuildFile; fileRef = F4CA775D26BA9DBB008860CD /* AppCoordinator.swift */; };
		F4CA776026BA9E9B008860CD /* MainCoordinator.swift in Sources */ = {isa = PBXBuildFile; fileRef = F4CA775F26BA9E9B008860CD /* MainCoordinator.swift */; };
		F4CA776226BAA479008860CD /* TableCoordinator.swift in Sources */ = {isa = PBXBuildFile; fileRef = F4CA776126BAA479008860CD /* TableCoordinator.swift */; };
		F4CA776526BAA48F008860CD /* TableViewController.swift in Sources */ = {isa = PBXBuildFile; fileRef = F4CA776426BAA48F008860CD /* TableViewController.swift */; };
		F4CA776726BAA4B6008860CD /* TableViewModel.swift in Sources */ = {isa = PBXBuildFile; fileRef = F4CA776626BAA4B6008860CD /* TableViewModel.swift */; };
		F4CA776926BAA4DB008860CD /* WeatherCoordinator.swift in Sources */ = {isa = PBXBuildFile; fileRef = F4CA776826BAA4DB008860CD /* WeatherCoordinator.swift */; };
		F4CA776B26BAA4EF008860CD /* WeatherViewController.swift in Sources */ = {isa = PBXBuildFile; fileRef = F4CA776A26BAA4EF008860CD /* WeatherViewController.swift */; };
		F4CA776D26BAA4F8008860CD /* WeatherViewModel.swift in Sources */ = {isa = PBXBuildFile; fileRef = F4CA776C26BAA4F8008860CD /* WeatherViewModel.swift */; };
		F4CA777026BAA7E3008860CD /* Networking.swift in Sources */ = {isa = PBXBuildFile; fileRef = F4CA776F26BAA7E3008860CD /* Networking.swift */; };
		F4CA777326BAA94E008860CD /* MyButton.swift in Sources */ = {isa = PBXBuildFile; fileRef = F4CA777226BAA94E008860CD /* MyButton.swift */; };
		F4CA777526BBBE16008860CD /* DetailCoordinator.swift in Sources */ = {isa = PBXBuildFile; fileRef = F4CA777426BBBE16008860CD /* DetailCoordinator.swift */; };
		F4CA777726BBBE21008860CD /* DetailViewController.swift in Sources */ = {isa = PBXBuildFile; fileRef = F4CA777626BBBE21008860CD /* DetailViewController.swift */; };
		F4CA777926BBBE31008860CD /* DetailViewModel.swift in Sources */ = {isa = PBXBuildFile; fileRef = F4CA777826BBBE31008860CD /* DetailViewModel.swift */; };
		F4CA777B26BC047A008860CD /* Label.swift in Sources */ = {isa = PBXBuildFile; fileRef = F4CA777A26BC047A008860CD /* Label.swift */; };
		F4CA778026BC0FEC008860CD /* CustomCell.swift in Sources */ = {isa = PBXBuildFile; fileRef = F4CA777F26BC0FEC008860CD /* CustomCell.swift */; };
		F4CA778726BD28BA008860CD /* UIWindowExtension.swift in Sources */ = {isa = PBXBuildFile; fileRef = F4CA778626BD28BA008860CD /* UIWindowExtension.swift */; };
		F4CA778926BD3279008860CD /* CustomCellModel.swift in Sources */ = {isa = PBXBuildFile; fileRef = F4CA778826BD3279008860CD /* CustomCellModel.swift */; };
		F4CA778B26C11209008860CD /* Spinner.swift in Sources */ = {isa = PBXBuildFile; fileRef = F4CA778A26C11209008860CD /* Spinner.swift */; };
		F4CA778E26C11AF0008860CD /* FilterCoordinator.swift in Sources */ = {isa = PBXBuildFile; fileRef = F4CA778D26C11AF0008860CD /* FilterCoordinator.swift */; };
		F4CA779026C11B9C008860CD /* FilterViewController.swift in Sources */ = {isa = PBXBuildFile; fileRef = F4CA778F26C11B9C008860CD /* FilterViewController.swift */; };
		F4CA779226C11C20008860CD /* FilterViewModel.swift in Sources */ = {isa = PBXBuildFile; fileRef = F4CA779126C11C20008860CD /* FilterViewModel.swift */; };
		F4CA779426C13F28008860CD /* Main.storyboard in Resources */ = {isa = PBXBuildFile; fileRef = F4CA779326C13F28008860CD /* Main.storyboard */; };
		F4CA779626C14A1B008860CD /* Storyboarded.swift in Sources */ = {isa = PBXBuildFile; fileRef = F4CA779526C14A1B008860CD /* Storyboarded.swift */; };
		F4CA779826C157B3008860CD /* Detail.storyboard in Resources */ = {isa = PBXBuildFile; fileRef = F4CA779726C157B3008860CD /* Detail.storyboard */; };
		F4CA779A26C1B8E5008860CD /* Weather.storyboard in Resources */ = {isa = PBXBuildFile; fileRef = F4CA779926C1B8E5008860CD /* Weather.storyboard */; };
		F4CA779C26C24270008860CD /* WeatherModel.swift in Sources */ = {isa = PBXBuildFile; fileRef = F4CA779B26C2426F008860CD /* WeatherModel.swift */; };
		F4CA779E26C247AF008860CD /* LocationHelper.swift in Sources */ = {isa = PBXBuildFile; fileRef = F4CA779D26C247AF008860CD /* LocationHelper.swift */; };
		F4CA77A026C24969008860CD /* WeatherHelper.swift in Sources */ = {isa = PBXBuildFile; fileRef = F4CA779F26C24969008860CD /* WeatherHelper.swift */; };
		F4CA77A226C27728008860CD /* BrokenPromise.swift in Sources */ = {isa = PBXBuildFile; fileRef = F4CA77A126C27728008860CD /* BrokenPromise.swift */; };
/* End PBXBuildFile section */

/* Begin PBXFileReference section */
		31805F8526BC318D00E0115D /* MainViewModel.swift */ = {isa = PBXFileReference; lastKnownFileType = sourcecode.swift; path = MainViewModel.swift; sourceTree = "<group>"; };
		63A7BD26EF9DECD099597A19 /* Pods-DemoApp.debug.xcconfig */ = {isa = PBXFileReference; includeInIndex = 1; lastKnownFileType = text.xcconfig; name = "Pods-DemoApp.debug.xcconfig"; path = "Target Support Files/Pods-DemoApp/Pods-DemoApp.debug.xcconfig"; sourceTree = "<group>"; };
		6AEB697BF7F194B13D4F4398 /* Pods-DemoApp.release.xcconfig */ = {isa = PBXFileReference; includeInIndex = 1; lastKnownFileType = text.xcconfig; name = "Pods-DemoApp.release.xcconfig"; path = "Target Support Files/Pods-DemoApp/Pods-DemoApp.release.xcconfig"; sourceTree = "<group>"; };
		8C550CC1E04CC5064E71D109 /* Pods_DemoApp.framework */ = {isa = PBXFileReference; explicitFileType = wrapper.framework; includeInIndex = 0; path = Pods_DemoApp.framework; sourceTree = BUILT_PRODUCTS_DIR; };
		F491DD2126C3AC2100379FD4 /* APIKeys.swift */ = {isa = PBXFileReference; lastKnownFileType = sourcecode.swift; path = APIKeys.swift; sourceTree = "<group>"; };
		F4A64CED26C3B5FC006B432F /* Observable.swift */ = {isa = PBXFileReference; lastKnownFileType = sourcecode.swift; path = Observable.swift; sourceTree = "<group>"; };
		F4A64CEF26C3C22A006B432F /* HaveFilterCoordinator.swift */ = {isa = PBXFileReference; lastKnownFileType = sourcecode.swift; path = HaveFilterCoordinator.swift; sourceTree = "<group>"; };
		F4A64CF126C3CCBD006B432F /* DetailModel.swift */ = {isa = PBXFileReference; lastKnownFileType = sourcecode.swift; path = DetailModel.swift; sourceTree = "<group>"; };
		F4A64CF526C41091006B432F /* CustomCell.xib */ = {isa = PBXFileReference; lastKnownFileType = file.xib; path = CustomCell.xib; sourceTree = "<group>"; };
		F4A64CF726C413E0006B432F /* Table.storyboard */ = {isa = PBXFileReference; lastKnownFileType = file.storyboard; path = Table.storyboard; sourceTree = "<group>"; };
		F4A64CF926C42150006B432F /* CollectionExtension.swift */ = {isa = PBXFileReference; lastKnownFileType = sourcecode.swift; path = CollectionExtension.swift; sourceTree = "<group>"; };
		F4A64CFB26C421D3006B432F /* Filter.storyboard */ = {isa = PBXFileReference; lastKnownFileType = file.storyboard; path = Filter.storyboard; sourceTree = "<group>"; };
		F4A64CFD26C50DD2006B432F /* WeatherLocationController.swift */ = {isa = PBXFileReference; lastKnownFileType = sourcecode.swift; path = WeatherLocationController.swift; sourceTree = "<group>"; };
		F4A64CFF26C511A4006B432F /* Connectivity.swift */ = {isa = PBXFileReference; lastKnownFileType = sourcecode.swift; path = Connectivity.swift; sourceTree = "<group>"; };
		F4A64D0126C51489006B432F /* InternetCheck.swift */ = {isa = PBXFileReference; lastKnownFileType = sourcecode.swift; path = InternetCheck.swift; sourceTree = "<group>"; };
		F4A64D0C26C5C03A006B432F /* CustomCellViewModel.swift */ = {isa = PBXFileReference; lastKnownFileType = sourcecode.swift; path = CustomCellViewModel.swift; sourceTree = "<group>"; };
		F4CA773C26BA9C76008860CD /* DemoApp.app */ = {isa = PBXFileReference; explicitFileType = wrapper.application; includeInIndex = 0; path = DemoApp.app; sourceTree = BUILT_PRODUCTS_DIR; };
		F4CA773F26BA9C76008860CD /* AppDelegate.swift */ = {isa = PBXFileReference; lastKnownFileType = sourcecode.swift; path = AppDelegate.swift; sourceTree = "<group>"; };
		F4CA774326BA9C76008860CD /* MainViewController.swift */ = {isa = PBXFileReference; lastKnownFileType = sourcecode.swift; path = MainViewController.swift; sourceTree = "<group>"; };
		F4CA774826BA9C78008860CD /* Assets.xcassets */ = {isa = PBXFileReference; lastKnownFileType = folder.assetcatalog; path = Assets.xcassets; sourceTree = "<group>"; };
		F4CA774B26BA9C78008860CD /* Base */ = {isa = PBXFileReference; lastKnownFileType = file.storyboard; name = Base; path = Base.lproj/LaunchScreen.storyboard; sourceTree = "<group>"; };
		F4CA774D26BA9C78008860CD /* Info.plist */ = {isa = PBXFileReference; lastKnownFileType = text.plist.xml; path = Info.plist; sourceTree = "<group>"; };
		F4CA775826BA9D37008860CD /* Coordinator.swift */ = {isa = PBXFileReference; lastKnownFileType = sourcecode.swift; path = Coordinator.swift; sourceTree = "<group>"; };
		F4CA775B26BA9D8C008860CD /* User.swift */ = {isa = PBXFileReference; lastKnownFileType = sourcecode.swift; path = User.swift; sourceTree = "<group>"; };
		F4CA775D26BA9DBB008860CD /* AppCoordinator.swift */ = {isa = PBXFileReference; lastKnownFileType = sourcecode.swift; path = AppCoordinator.swift; sourceTree = "<group>"; };
		F4CA775F26BA9E9B008860CD /* MainCoordinator.swift */ = {isa = PBXFileReference; lastKnownFileType = sourcecode.swift; path = MainCoordinator.swift; sourceTree = "<group>"; };
		F4CA776126BAA479008860CD /* TableCoordinator.swift */ = {isa = PBXFileReference; lastKnownFileType = sourcecode.swift; path = TableCoordinator.swift; sourceTree = "<group>"; };
		F4CA776426BAA48F008860CD /* TableViewController.swift */ = {isa = PBXFileReference; lastKnownFileType = sourcecode.swift; path = TableViewController.swift; sourceTree = "<group>"; };
		F4CA776626BAA4B6008860CD /* TableViewModel.swift */ = {isa = PBXFileReference; lastKnownFileType = sourcecode.swift; path = TableViewModel.swift; sourceTree = "<group>"; };
		F4CA776826BAA4DB008860CD /* WeatherCoordinator.swift */ = {isa = PBXFileReference; lastKnownFileType = sourcecode.swift; path = WeatherCoordinator.swift; sourceTree = "<group>"; };
		F4CA776A26BAA4EF008860CD /* WeatherViewController.swift */ = {isa = PBXFileReference; lastKnownFileType = sourcecode.swift; path = WeatherViewController.swift; sourceTree = "<group>"; };
		F4CA776C26BAA4F8008860CD /* WeatherViewModel.swift */ = {isa = PBXFileReference; lastKnownFileType = sourcecode.swift; path = WeatherViewModel.swift; sourceTree = "<group>"; };
		F4CA776F26BAA7E3008860CD /* Networking.swift */ = {isa = PBXFileReference; lastKnownFileType = sourcecode.swift; path = Networking.swift; sourceTree = "<group>"; };
		F4CA777226BAA94E008860CD /* MyButton.swift */ = {isa = PBXFileReference; lastKnownFileType = sourcecode.swift; path = MyButton.swift; sourceTree = "<group>"; };
		F4CA777426BBBE16008860CD /* DetailCoordinator.swift */ = {isa = PBXFileReference; lastKnownFileType = sourcecode.swift; path = DetailCoordinator.swift; sourceTree = "<group>"; };
		F4CA777626BBBE21008860CD /* DetailViewController.swift */ = {isa = PBXFileReference; lastKnownFileType = sourcecode.swift; path = DetailViewController.swift; sourceTree = "<group>"; };
		F4CA777826BBBE31008860CD /* DetailViewModel.swift */ = {isa = PBXFileReference; lastKnownFileType = sourcecode.swift; path = DetailViewModel.swift; sourceTree = "<group>"; };
		F4CA777A26BC047A008860CD /* Label.swift */ = {isa = PBXFileReference; lastKnownFileType = sourcecode.swift; path = Label.swift; sourceTree = "<group>"; };
		F4CA777F26BC0FEC008860CD /* CustomCell.swift */ = {isa = PBXFileReference; lastKnownFileType = sourcecode.swift; path = CustomCell.swift; sourceTree = "<group>"; };
		F4CA778626BD28BA008860CD /* UIWindowExtension.swift */ = {isa = PBXFileReference; lastKnownFileType = sourcecode.swift; path = UIWindowExtension.swift; sourceTree = "<group>"; };
		F4CA778826BD3279008860CD /* CustomCellModel.swift */ = {isa = PBXFileReference; lastKnownFileType = sourcecode.swift; path = CustomCellModel.swift; sourceTree = "<group>"; };
		F4CA778A26C11209008860CD /* Spinner.swift */ = {isa = PBXFileReference; lastKnownFileType = sourcecode.swift; path = Spinner.swift; sourceTree = "<group>"; };
		F4CA778D26C11AF0008860CD /* FilterCoordinator.swift */ = {isa = PBXFileReference; lastKnownFileType = sourcecode.swift; path = FilterCoordinator.swift; sourceTree = "<group>"; };
		F4CA778F26C11B9C008860CD /* FilterViewController.swift */ = {isa = PBXFileReference; lastKnownFileType = sourcecode.swift; path = FilterViewController.swift; sourceTree = "<group>"; };
		F4CA779126C11C20008860CD /* FilterViewModel.swift */ = {isa = PBXFileReference; lastKnownFileType = sourcecode.swift; path = FilterViewModel.swift; sourceTree = "<group>"; };
		F4CA779326C13F28008860CD /* Main.storyboard */ = {isa = PBXFileReference; lastKnownFileType = file.storyboard; path = Main.storyboard; sourceTree = "<group>"; };
		F4CA779526C14A1B008860CD /* Storyboarded.swift */ = {isa = PBXFileReference; lastKnownFileType = sourcecode.swift; path = Storyboarded.swift; sourceTree = "<group>"; };
		F4CA779726C157B3008860CD /* Detail.storyboard */ = {isa = PBXFileReference; lastKnownFileType = file.storyboard; path = Detail.storyboard; sourceTree = "<group>"; };
		F4CA779926C1B8E5008860CD /* Weather.storyboard */ = {isa = PBXFileReference; lastKnownFileType = file.storyboard; path = Weather.storyboard; sourceTree = "<group>"; };
		F4CA779B26C2426F008860CD /* WeatherModel.swift */ = {isa = PBXFileReference; lastKnownFileType = sourcecode.swift; path = WeatherModel.swift; sourceTree = "<group>"; };
		F4CA779D26C247AF008860CD /* LocationHelper.swift */ = {isa = PBXFileReference; lastKnownFileType = sourcecode.swift; path = LocationHelper.swift; sourceTree = "<group>"; };
		F4CA779F26C24969008860CD /* WeatherHelper.swift */ = {isa = PBXFileReference; lastKnownFileType = sourcecode.swift; path = WeatherHelper.swift; sourceTree = "<group>"; };
		F4CA77A126C27728008860CD /* BrokenPromise.swift */ = {isa = PBXFileReference; lastKnownFileType = sourcecode.swift; path = BrokenPromise.swift; sourceTree = "<group>"; };
/* End PBXFileReference section */

/* Begin PBXFrameworksBuildPhase section */
		F4CA773926BA9C76008860CD /* Frameworks */ = {
			isa = PBXFrameworksBuildPhase;
			buildActionMask = 2147483647;
			files = (
				0C6CC556005145560D50D3D9 /* Pods_DemoApp.framework in Frameworks */,
			);
			runOnlyForDeploymentPostprocessing = 0;
		};
/* End PBXFrameworksBuildPhase section */

/* Begin PBXGroup section */
		3044EFA4B652F2F9EC759A4D /* Pods */ = {
			isa = PBXGroup;
			children = (
				63A7BD26EF9DECD099597A19 /* Pods-DemoApp.debug.xcconfig */,
				6AEB697BF7F194B13D4F4398 /* Pods-DemoApp.release.xcconfig */,
			);
			path = Pods;
			sourceTree = "<group>";
		};
		31805F8726BC40EA00E0115D /* Cells */ = {
			isa = PBXGroup;
			children = (
				F4CA777F26BC0FEC008860CD /* CustomCell.swift */,
				F4A64D0C26C5C03A006B432F /* CustomCellViewModel.swift */,
				F4CA778826BD3279008860CD /* CustomCellModel.swift */,
				F4A64CF526C41091006B432F /* CustomCell.xib */,
			);
			path = Cells;
			sourceTree = "<group>";
		};
		ED1AE2A57633FD817080E5EA /* Frameworks */ = {
			isa = PBXGroup;
			children = (
				8C550CC1E04CC5064E71D109 /* Pods_DemoApp.framework */,
			);
			name = Frameworks;
			sourceTree = "<group>";
		};
		F4CA773326BA9C76008860CD = {
			isa = PBXGroup;
			children = (
				F4CA773E26BA9C76008860CD /* DemoApp */,
				F4CA773D26BA9C76008860CD /* Products */,
				3044EFA4B652F2F9EC759A4D /* Pods */,
				ED1AE2A57633FD817080E5EA /* Frameworks */,
			);
			sourceTree = "<group>";
		};
		F4CA773D26BA9C76008860CD /* Products */ = {
			isa = PBXGroup;
			children = (
				F4CA773C26BA9C76008860CD /* DemoApp.app */,
			);
			name = Products;
			sourceTree = "<group>";
		};
		F4CA773E26BA9C76008860CD /* DemoApp */ = {
			isa = PBXGroup;
			children = (
				F4CA773F26BA9C76008860CD /* AppDelegate.swift */,
				F4CA775D26BA9DBB008860CD /* AppCoordinator.swift */,
				F4CA778526BD282F008860CD /* Extensions */,
				F4CA775326BA9C7E008860CD /* Main */,
				F4CA775626BA9CB6008860CD /* Weather */,
				F4CA775426BA9C8E008860CD /* Table */,
				F4CA775726BA9D24008860CD /* Protocols */,
				F4CA775A26BA9D6F008860CD /* Models */,
				F4CA777126BAA928008860CD /* UIElements */,
				F4CA776F26BAA7E3008860CD /* Networking.swift */,
				F4A64CED26C3B5FC006B432F /* Observable.swift */,
				F4CA779D26C247AF008860CD /* LocationHelper.swift */,
				F4CA77A126C27728008860CD /* BrokenPromise.swift */,
				F4CA779F26C24969008860CD /* WeatherHelper.swift */,
				F491DD2126C3AC2100379FD4 /* APIKeys.swift */,
				F4CA774826BA9C78008860CD /* Assets.xcassets */,
				F4CA774A26BA9C78008860CD /* LaunchScreen.storyboard */,
				F4CA774D26BA9C78008860CD /* Info.plist */,
			);
			path = DemoApp;
			sourceTree = "<group>";
		};
		F4CA775326BA9C7E008860CD /* Main */ = {
			isa = PBXGroup;
			children = (
				F4CA775F26BA9E9B008860CD /* MainCoordinator.swift */,
				F4CA774326BA9C76008860CD /* MainViewController.swift */,
				31805F8526BC318D00E0115D /* MainViewModel.swift */,
				F4CA779326C13F28008860CD /* Main.storyboard */,
			);
			path = Main;
			sourceTree = "<group>";
		};
		F4CA775426BA9C8E008860CD /* Table */ = {
			isa = PBXGroup;
			children = (
				F4CA776126BAA479008860CD /* TableCoordinator.swift */,
				F4CA776426BAA48F008860CD /* TableViewController.swift */,
				F4CA776626BAA4B6008860CD /* TableViewModel.swift */,
				F4A64CF726C413E0006B432F /* Table.storyboard */,
				F4CA778C26C11ACD008860CD /* Filter */,
				31805F8726BC40EA00E0115D /* Cells */,
				F4CA775526BA9C99008860CD /* Detail */,
			);
			path = Table;
			sourceTree = "<group>";
		};
		F4CA775526BA9C99008860CD /* Detail */ = {
			isa = PBXGroup;
			children = (
				F4CA777426BBBE16008860CD /* DetailCoordinator.swift */,
				F4CA777626BBBE21008860CD /* DetailViewController.swift */,
				F4CA777826BBBE31008860CD /* DetailViewModel.swift */,
				F4A64CF126C3CCBD006B432F /* DetailModel.swift */,
				F4CA779726C157B3008860CD /* Detail.storyboard */,
			);
			path = Detail;
			sourceTree = "<group>";
		};
		F4CA775626BA9CB6008860CD /* Weather */ = {
			isa = PBXGroup;
			children = (
				F4CA776826BAA4DB008860CD /* WeatherCoordinator.swift */,
				F4CA776A26BAA4EF008860CD /* WeatherViewController.swift */,
				F4CA776C26BAA4F8008860CD /* WeatherViewModel.swift */,
				F4CA779B26C2426F008860CD /* WeatherModel.swift */,
				F4CA779926C1B8E5008860CD /* Weather.storyboard */,
			);
			path = Weather;
			sourceTree = "<group>";
		};
		F4CA775726BA9D24008860CD /* Protocols */ = {
			isa = PBXGroup;
			children = (
				F4CA775826BA9D37008860CD /* Coordinator.swift */,
				F4A64CEF26C3C22A006B432F /* HaveFilterCoordinator.swift */,
				F4CA779526C14A1B008860CD /* Storyboarded.swift */,
				F4A64CFD26C50DD2006B432F /* WeatherLocationController.swift */,
				F4A64D0126C51489006B432F /* InternetCheck.swift */,
			);
			path = Protocols;
			sourceTree = "<group>";
		};
		F4CA775A26BA9D6F008860CD /* Models */ = {
			isa = PBXGroup;
			children = (
				F4CA775B26BA9D8C008860CD /* User.swift */,
				F4A64CFF26C511A4006B432F /* Connectivity.swift */,
			);
			path = Models;
			sourceTree = "<group>";
		};
		F4CA777126BAA928008860CD /* UIElements */ = {
			isa = PBXGroup;
			children = (
				F4CA777226BAA94E008860CD /* MyButton.swift */,
				F4CA777A26BC047A008860CD /* Label.swift */,
				F4CA778A26C11209008860CD /* Spinner.swift */,
			);
			path = UIElements;
			sourceTree = "<group>";
		};
		F4CA778526BD282F008860CD /* Extensions */ = {
			isa = PBXGroup;
			children = (
				F4CA778626BD28BA008860CD /* UIWindowExtension.swift */,
				F4A64CF926C42150006B432F /* CollectionExtension.swift */,
			);
			path = Extensions;
			sourceTree = "<group>";
		};
		F4CA778C26C11ACD008860CD /* Filter */ = {
			isa = PBXGroup;
			children = (
				F4CA778D26C11AF0008860CD /* FilterCoordinator.swift */,
				F4CA778F26C11B9C008860CD /* FilterViewController.swift */,
				F4CA779126C11C20008860CD /* FilterViewModel.swift */,
				F4A64CFB26C421D3006B432F /* Filter.storyboard */,
			);
			path = Filter;
			sourceTree = "<group>";
		};
/* End PBXGroup section */

/* Begin PBXNativeTarget section */
		F4CA773B26BA9C76008860CD /* DemoApp */ = {
			isa = PBXNativeTarget;
			buildConfigurationList = F4CA775026BA9C78008860CD /* Build configuration list for PBXNativeTarget "DemoApp" */;
			buildPhases = (
				661D34CFA7075D1F84925A3F /* [CP] Check Pods Manifest.lock */,
				F4CA776E26BAA62B008860CD /* SwiftLint */,
				F4CA773826BA9C76008860CD /* Sources */,
				F4CA773926BA9C76008860CD /* Frameworks */,
				F4CA773A26BA9C76008860CD /* Resources */,
				574F7A4C33B90DF612894EEE /* [CP] Embed Pods Frameworks */,
			);
			buildRules = (
			);
			dependencies = (
			);
			name = DemoApp;
			productName = DemoApp;
			productReference = F4CA773C26BA9C76008860CD /* DemoApp.app */;
			productType = "com.apple.product-type.application";
		};
/* End PBXNativeTarget section */

/* Begin PBXProject section */
		F4CA773426BA9C76008860CD /* Project object */ = {
			isa = PBXProject;
			attributes = {
				LastSwiftUpdateCheck = 1250;
				LastUpgradeCheck = 1250;
				TargetAttributes = {
					F4CA773B26BA9C76008860CD = {
						CreatedOnToolsVersion = 12.5.1;
					};
				};
			};
			buildConfigurationList = F4CA773726BA9C76008860CD /* Build configuration list for PBXProject "DemoApp" */;
			compatibilityVersion = "Xcode 9.3";
			developmentRegion = en;
			hasScannedForEncodings = 0;
			knownRegions = (
				en,
				Base,
			);
			mainGroup = F4CA773326BA9C76008860CD;
			productRefGroup = F4CA773D26BA9C76008860CD /* Products */;
			projectDirPath = "";
			projectRoot = "";
			targets = (
				F4CA773B26BA9C76008860CD /* DemoApp */,
			);
		};
/* End PBXProject section */

/* Begin PBXResourcesBuildPhase section */
		F4CA773A26BA9C76008860CD /* Resources */ = {
			isa = PBXResourcesBuildPhase;
			buildActionMask = 2147483647;
			files = (
				F4A64CF826C413E0006B432F /* Table.storyboard in Resources */,
				F4A64CF626C41091006B432F /* CustomCell.xib in Resources */,
				F4CA779426C13F28008860CD /* Main.storyboard in Resources */,
				F4CA779A26C1B8E5008860CD /* Weather.storyboard in Resources */,
				F4CA774C26BA9C78008860CD /* LaunchScreen.storyboard in Resources */,
				F4CA774926BA9C78008860CD /* Assets.xcassets in Resources */,
				F4A64CFC26C421D3006B432F /* Filter.storyboard in Resources */,
				F4CA779826C157B3008860CD /* Detail.storyboard in Resources */,
			);
			runOnlyForDeploymentPostprocessing = 0;
		};
/* End PBXResourcesBuildPhase section */

/* Begin PBXShellScriptBuildPhase section */
		574F7A4C33B90DF612894EEE /* [CP] Embed Pods Frameworks */ = {
			isa = PBXShellScriptBuildPhase;
			buildActionMask = 2147483647;
			files = (
			);
			inputFileListPaths = (
				"${PODS_ROOT}/Target Support Files/Pods-DemoApp/Pods-DemoApp-frameworks-${CONFIGURATION}-input-files.xcfilelist",
			);
			name = "[CP] Embed Pods Frameworks";
			outputFileListPaths = (
				"${PODS_ROOT}/Target Support Files/Pods-DemoApp/Pods-DemoApp-frameworks-${CONFIGURATION}-output-files.xcfilelist",
			);
			runOnlyForDeploymentPostprocessing = 0;
			shellPath = /bin/sh;
			shellScript = "\"${PODS_ROOT}/Target Support Files/Pods-DemoApp/Pods-DemoApp-frameworks.sh\"\n";
			showEnvVarsInLog = 0;
		};
		661D34CFA7075D1F84925A3F /* [CP] Check Pods Manifest.lock */ = {
			isa = PBXShellScriptBuildPhase;
			buildActionMask = 2147483647;
			files = (
			);
			inputFileListPaths = (
			);
			inputPaths = (
				"${PODS_PODFILE_DIR_PATH}/Podfile.lock",
				"${PODS_ROOT}/Manifest.lock",
			);
			name = "[CP] Check Pods Manifest.lock";
			outputFileListPaths = (
			);
			outputPaths = (
				"$(DERIVED_FILE_DIR)/Pods-DemoApp-checkManifestLockResult.txt",
			);
			runOnlyForDeploymentPostprocessing = 0;
			shellPath = /bin/sh;
			shellScript = "diff \"${PODS_PODFILE_DIR_PATH}/Podfile.lock\" \"${PODS_ROOT}/Manifest.lock\" > /dev/null\nif [ $? != 0 ] ; then\n    # print error to STDERR\n    echo \"error: The sandbox is not in sync with the Podfile.lock. Run 'pod install' or update your CocoaPods installation.\" >&2\n    exit 1\nfi\n# This output is used by Xcode 'outputs' to avoid re-running this script phase.\necho \"SUCCESS\" > \"${SCRIPT_OUTPUT_FILE_0}\"\n";
			showEnvVarsInLog = 0;
		};
		F4CA776E26BAA62B008860CD /* SwiftLint */ = {
			isa = PBXShellScriptBuildPhase;
			buildActionMask = 2147483647;
			files = (
			);
			inputFileListPaths = (
			);
			inputPaths = (
			);
			name = SwiftLint;
			outputFileListPaths = (
			);
			outputPaths = (
			);
			runOnlyForDeploymentPostprocessing = 0;
			shellPath = /bin/sh;
			shellScript = "\"${PODS_ROOT}/SwiftLint/swiftlint\"\n";
		};
/* End PBXShellScriptBuildPhase section */

/* Begin PBXSourcesBuildPhase section */
		F4CA773826BA9C76008860CD /* Sources */ = {
			isa = PBXSourcesBuildPhase;
			buildActionMask = 2147483647;
			files = (
				F4CA778026BC0FEC008860CD /* CustomCell.swift in Sources */,
				F4CA776726BAA4B6008860CD /* TableViewModel.swift in Sources */,
				F4A64D0026C511A4006B432F /* Connectivity.swift in Sources */,
				F4CA775926BA9D37008860CD /* Coordinator.swift in Sources */,
				F4CA778726BD28BA008860CD /* UIWindowExtension.swift in Sources */,
				F4CA776026BA9E9B008860CD /* MainCoordinator.swift in Sources */,
				F4A64CFA26C42150006B432F /* CollectionExtension.swift in Sources */,
				F4CA774426BA9C76008860CD /* MainViewController.swift in Sources */,
				F4CA777926BBBE31008860CD /* DetailViewModel.swift in Sources */,
				F4CA777526BBBE16008860CD /* DetailCoordinator.swift in Sources */,
				F4CA774026BA9C76008860CD /* AppDelegate.swift in Sources */,
				F4CA775C26BA9D8C008860CD /* User.swift in Sources */,
				F4CA779C26C24270008860CD /* WeatherModel.swift in Sources */,
				F4CA776D26BAA4F8008860CD /* WeatherViewModel.swift in Sources */,
				F4A64CFE26C50DD2006B432F /* WeatherLocationController.swift in Sources */,
				F4CA777B26BC047A008860CD /* Label.swift in Sources */,
				F4CA778E26C11AF0008860CD /* FilterCoordinator.swift in Sources */,
				F4CA776B26BAA4EF008860CD /* WeatherViewController.swift in Sources */,
				F4CA776926BAA4DB008860CD /* WeatherCoordinator.swift in Sources */,
				F4A64CF226C3CCBD006B432F /* DetailModel.swift in Sources */,
				F4CA77A026C24969008860CD /* WeatherHelper.swift in Sources */,
				F4CA776226BAA479008860CD /* TableCoordinator.swift in Sources */,
				F4A64CF026C3C22A006B432F /* HaveFilterCoordinator.swift in Sources */,
				F4CA779226C11C20008860CD /* FilterViewModel.swift in Sources */,
				F4CA77A226C27728008860CD /* BrokenPromise.swift in Sources */,
				31805F8626BC318D00E0115D /* MainViewModel.swift in Sources */,
				F4CA778B26C11209008860CD /* Spinner.swift in Sources */,
				F4A64D0D26C5C03A006B432F /* CustomCellViewModel.swift in Sources */,
				F4A64CEE26C3B5FC006B432F /* Observable.swift in Sources */,
				F4CA777326BAA94E008860CD /* MyButton.swift in Sources */,
				F4CA779026C11B9C008860CD /* FilterViewController.swift in Sources */,
				F4A64D0226C51489006B432F /* InternetCheck.swift in Sources */,
				F4CA778926BD3279008860CD /* CustomCellModel.swift in Sources */,
				F4CA776526BAA48F008860CD /* TableViewController.swift in Sources */,
				F4CA779E26C247AF008860CD /* LocationHelper.swift in Sources */,
				F4CA779626C14A1B008860CD /* Storyboarded.swift in Sources */,
				F4CA777726BBBE21008860CD /* DetailViewController.swift in Sources */,
				F4CA775E26BA9DBB008860CD /* AppCoordinator.swift in Sources */,
				F491DD2226C3AC2100379FD4 /* APIKeys.swift in Sources */,
				F4CA777026BAA7E3008860CD /* Networking.swift in Sources */,
			);
			runOnlyForDeploymentPostprocessing = 0;
		};
/* End PBXSourcesBuildPhase section */

/* Begin PBXVariantGroup section */
		F4CA774A26BA9C78008860CD /* LaunchScreen.storyboard */ = {
			isa = PBXVariantGroup;
			children = (
				F4CA774B26BA9C78008860CD /* Base */,
			);
			name = LaunchScreen.storyboard;
			sourceTree = "<group>";
		};
/* End PBXVariantGroup section */

/* Begin XCBuildConfiguration section */
		F4CA774E26BA9C78008860CD /* Debug */ = {
			isa = XCBuildConfiguration;
			buildSettings = {
				ALWAYS_SEARCH_USER_PATHS = NO;
				CLANG_ANALYZER_NONNULL = YES;
				CLANG_ANALYZER_NUMBER_OBJECT_CONVERSION = YES_AGGRESSIVE;
				CLANG_CXX_LANGUAGE_STANDARD = "gnu++14";
				CLANG_CXX_LIBRARY = "libc++";
				CLANG_ENABLE_MODULES = YES;
				CLANG_ENABLE_OBJC_ARC = YES;
				CLANG_ENABLE_OBJC_WEAK = YES;
				CLANG_WARN_BLOCK_CAPTURE_AUTORELEASING = YES;
				CLANG_WARN_BOOL_CONVERSION = YES;
				CLANG_WARN_COMMA = YES;
				CLANG_WARN_CONSTANT_CONVERSION = YES;
				CLANG_WARN_DEPRECATED_OBJC_IMPLEMENTATIONS = YES;
				CLANG_WARN_DIRECT_OBJC_ISA_USAGE = YES_ERROR;
				CLANG_WARN_DOCUMENTATION_COMMENTS = YES;
				CLANG_WARN_EMPTY_BODY = YES;
				CLANG_WARN_ENUM_CONVERSION = YES;
				CLANG_WARN_INFINITE_RECURSION = YES;
				CLANG_WARN_INT_CONVERSION = YES;
				CLANG_WARN_NON_LITERAL_NULL_CONVERSION = YES;
				CLANG_WARN_OBJC_IMPLICIT_RETAIN_SELF = YES;
				CLANG_WARN_OBJC_LITERAL_CONVERSION = YES;
				CLANG_WARN_OBJC_ROOT_CLASS = YES_ERROR;
				CLANG_WARN_QUOTED_INCLUDE_IN_FRAMEWORK_HEADER = YES;
				CLANG_WARN_RANGE_LOOP_ANALYSIS = YES;
				CLANG_WARN_STRICT_PROTOTYPES = YES;
				CLANG_WARN_SUSPICIOUS_MOVE = YES;
				CLANG_WARN_UNGUARDED_AVAILABILITY = YES_AGGRESSIVE;
				CLANG_WARN_UNREACHABLE_CODE = YES;
				CLANG_WARN__DUPLICATE_METHOD_MATCH = YES;
				COPY_PHASE_STRIP = NO;
				DEBUG_INFORMATION_FORMAT = dwarf;
				ENABLE_STRICT_OBJC_MSGSEND = YES;
				ENABLE_TESTABILITY = YES;
				GCC_C_LANGUAGE_STANDARD = gnu11;
				GCC_DYNAMIC_NO_PIC = NO;
				GCC_NO_COMMON_BLOCKS = YES;
				GCC_OPTIMIZATION_LEVEL = 0;
				GCC_PREPROCESSOR_DEFINITIONS = (
					"DEBUG=1",
					"$(inherited)",
				);
				GCC_WARN_64_TO_32_BIT_CONVERSION = YES;
				GCC_WARN_ABOUT_RETURN_TYPE = YES_ERROR;
				GCC_WARN_UNDECLARED_SELECTOR = YES;
				GCC_WARN_UNINITIALIZED_AUTOS = YES_AGGRESSIVE;
				GCC_WARN_UNUSED_FUNCTION = YES;
				GCC_WARN_UNUSED_VARIABLE = YES;
				IPHONEOS_DEPLOYMENT_TARGET = 14.5;
				MTL_ENABLE_DEBUG_INFO = INCLUDE_SOURCE;
				MTL_FAST_MATH = YES;
				ONLY_ACTIVE_ARCH = YES;
				SDKROOT = iphoneos;
				SWIFT_ACTIVE_COMPILATION_CONDITIONS = DEBUG;
				SWIFT_OPTIMIZATION_LEVEL = "-Onone";
			};
			name = Debug;
		};
		F4CA774F26BA9C78008860CD /* Release */ = {
			isa = XCBuildConfiguration;
			buildSettings = {
				ALWAYS_SEARCH_USER_PATHS = NO;
				CLANG_ANALYZER_NONNULL = YES;
				CLANG_ANALYZER_NUMBER_OBJECT_CONVERSION = YES_AGGRESSIVE;
				CLANG_CXX_LANGUAGE_STANDARD = "gnu++14";
				CLANG_CXX_LIBRARY = "libc++";
				CLANG_ENABLE_MODULES = YES;
				CLANG_ENABLE_OBJC_ARC = YES;
				CLANG_ENABLE_OBJC_WEAK = YES;
				CLANG_WARN_BLOCK_CAPTURE_AUTORELEASING = YES;
				CLANG_WARN_BOOL_CONVERSION = YES;
				CLANG_WARN_COMMA = YES;
				CLANG_WARN_CONSTANT_CONVERSION = YES;
				CLANG_WARN_DEPRECATED_OBJC_IMPLEMENTATIONS = YES;
				CLANG_WARN_DIRECT_OBJC_ISA_USAGE = YES_ERROR;
				CLANG_WARN_DOCUMENTATION_COMMENTS = YES;
				CLANG_WARN_EMPTY_BODY = YES;
				CLANG_WARN_ENUM_CONVERSION = YES;
				CLANG_WARN_INFINITE_RECURSION = YES;
				CLANG_WARN_INT_CONVERSION = YES;
				CLANG_WARN_NON_LITERAL_NULL_CONVERSION = YES;
				CLANG_WARN_OBJC_IMPLICIT_RETAIN_SELF = YES;
				CLANG_WARN_OBJC_LITERAL_CONVERSION = YES;
				CLANG_WARN_OBJC_ROOT_CLASS = YES_ERROR;
				CLANG_WARN_QUOTED_INCLUDE_IN_FRAMEWORK_HEADER = YES;
				CLANG_WARN_RANGE_LOOP_ANALYSIS = YES;
				CLANG_WARN_STRICT_PROTOTYPES = YES;
				CLANG_WARN_SUSPICIOUS_MOVE = YES;
				CLANG_WARN_UNGUARDED_AVAILABILITY = YES_AGGRESSIVE;
				CLANG_WARN_UNREACHABLE_CODE = YES;
				CLANG_WARN__DUPLICATE_METHOD_MATCH = YES;
				COPY_PHASE_STRIP = NO;
				DEBUG_INFORMATION_FORMAT = "dwarf-with-dsym";
				ENABLE_NS_ASSERTIONS = NO;
				ENABLE_STRICT_OBJC_MSGSEND = YES;
				GCC_C_LANGUAGE_STANDARD = gnu11;
				GCC_NO_COMMON_BLOCKS = YES;
				GCC_WARN_64_TO_32_BIT_CONVERSION = YES;
				GCC_WARN_ABOUT_RETURN_TYPE = YES_ERROR;
				GCC_WARN_UNDECLARED_SELECTOR = YES;
				GCC_WARN_UNINITIALIZED_AUTOS = YES_AGGRESSIVE;
				GCC_WARN_UNUSED_FUNCTION = YES;
				GCC_WARN_UNUSED_VARIABLE = YES;
				IPHONEOS_DEPLOYMENT_TARGET = 14.5;
				MTL_ENABLE_DEBUG_INFO = NO;
				MTL_FAST_MATH = YES;
				SDKROOT = iphoneos;
				SWIFT_COMPILATION_MODE = wholemodule;
				SWIFT_OPTIMIZATION_LEVEL = "-O";
				VALIDATE_PRODUCT = YES;
			};
			name = Release;
		};
		F4CA775126BA9C78008860CD /* Debug */ = {
			isa = XCBuildConfiguration;
			baseConfigurationReference = 63A7BD26EF9DECD099597A19 /* Pods-DemoApp.debug.xcconfig */;
			buildSettings = {
				ASSETCATALOG_COMPILER_APPICON_NAME = AppIcon;
				ASSETCATALOG_COMPILER_GLOBAL_ACCENT_COLOR_NAME = AccentColor;
				CODE_SIGN_STYLE = Automatic;
				DEVELOPMENT_TEAM = Y7K69XGKB2;
				INFOPLIST_FILE = DemoApp/Info.plist;
				IPHONEOS_DEPLOYMENT_TARGET = 14.5;
				LD_RUNPATH_SEARCH_PATHS = (
					"$(inherited)",
					"@executable_path/Frameworks",
				);
				PRODUCT_BUNDLE_IDENTIFIER = com.SimonSestak.DemoApp;
				PRODUCT_NAME = "$(TARGET_NAME)";
				SWIFT_VERSION = 5.0;
				TARGETED_DEVICE_FAMILY = "1,2";
			};
			name = Debug;
		};
		F4CA775226BA9C78008860CD /* Release */ = {
			isa = XCBuildConfiguration;
			baseConfigurationReference = 6AEB697BF7F194B13D4F4398 /* Pods-DemoApp.release.xcconfig */;
			buildSettings = {
				ASSETCATALOG_COMPILER_APPICON_NAME = AppIcon;
				ASSETCATALOG_COMPILER_GLOBAL_ACCENT_COLOR_NAME = AccentColor;
				CODE_SIGN_STYLE = Automatic;
				DEVELOPMENT_TEAM = Y7K69XGKB2;
				INFOPLIST_FILE = DemoApp/Info.plist;
				IPHONEOS_DEPLOYMENT_TARGET = 14.5;
				LD_RUNPATH_SEARCH_PATHS = (
					"$(inherited)",
					"@executable_path/Frameworks",
				);
				PRODUCT_BUNDLE_IDENTIFIER = com.SimonSestak.DemoApp;
				PRODUCT_NAME = "$(TARGET_NAME)";
				SWIFT_VERSION = 5.0;
				TARGETED_DEVICE_FAMILY = "1,2";
			};
			name = Release;
		};
/* End XCBuildConfiguration section */

/* Begin XCConfigurationList section */
		F4CA773726BA9C76008860CD /* Build configuration list for PBXProject "DemoApp" */ = {
			isa = XCConfigurationList;
			buildConfigurations = (
				F4CA774E26BA9C78008860CD /* Debug */,
				F4CA774F26BA9C78008860CD /* Release */,
			);
			defaultConfigurationIsVisible = 0;
			defaultConfigurationName = Release;
		};
		F4CA775026BA9C78008860CD /* Build configuration list for PBXNativeTarget "DemoApp" */ = {
			isa = XCConfigurationList;
			buildConfigurations = (
				F4CA775126BA9C78008860CD /* Debug */,
				F4CA775226BA9C78008860CD /* Release */,
			);
			defaultConfigurationIsVisible = 0;
			defaultConfigurationName = Release;
		};
/* End XCConfigurationList section */
	};
	rootObject = F4CA773426BA9C76008860CD /* Project object */;
}
